
Microsoft Visual Studio Solution File, Format Version 12.00
# Visual Studio Version 17
VisualStudioVersion = 17.9.34723.18
MinimumVisualStudioVersion = 10.0.40219.1
Project("{FAE04EC0-301F-11D3-BF4B-00C04F79EFBC}") = "GuestBook", "GuestBook\GuestBook.csproj", "{AB0263D4-61AA-4735-B162-14BF8666ABFE}"
EndProject
Global
	GlobalSection(SolutionConfigurationPlatforms) = preSolution
		Debug|Any CPU = Debug|Any CPU
		Release|Any CPU = Release|Any CPU
	EndGlobalSection
	GlobalSection(ProjectConfigurationPlatforms) = postSolution
		{AB0263D4-61AA-4735-B162-14BF8666ABFE}.Debug|Any CPU.ActiveCfg = Debug|Any CPU
		{AB0263D4-61AA-4735-B162-14BF8666ABFE}.Debug|Any CPU.Build.0 = Debug|Any CPU
		{AB0263D4-61AA-4735-B162-14BF8666ABFE}.Release|Any CPU.ActiveCfg = Release|Any CPU
		{AB0263D4-61AA-4735-B162-14BF8666ABFE}.Release|Any CPU.Build.0 = Release|Any CPU
	EndGlobalSection
	GlobalSection(SolutionProperties) = preSolution
		HideSolutionNode = FALSE
	EndGlobalSection
	GlobalSection(ExtensibilityGlobals) = postSolution
		SolutionGuid = {4573791E-5006-4FEF-B792-C1C736727357}
	EndGlobalSection
EndGlobal
